
Microsoft Visual Studio Solution File, Format Version 12.00
# Visual Studio 15
VisualStudioVersion = 15.0.27703.2042
MinimumVisualStudioVersion = 10.0.40219.1
Project("{FAE04EC0-301F-11D3-BF4B-00C04F79EFBC}") = "WebApplication1", "WebApplication1\WebApplication1.csproj", "{74918076-24BB-4382-91D4-174B2BC4054B}"
EndProject
Global
	GlobalSection(SolutionConfigurationPlatforms) = preSolution
		Debug|Any CPU = Debug|Any CPU
		Release|Any CPU = Release|Any CPU
	EndGlobalSection
	GlobalSection(ProjectConfigurationPlatforms) = postSolution
		{74918076-24BB-4382-91D4-174B2BC4054B}.Debug|Any CPU.ActiveCfg = Debug|Any CPU
		{74918076-24BB-4382-91D4-174B2BC4054B}.Debug|Any CPU.Build.0 = Debug|Any CPU
		{74918076-24BB-4382-91D4-174B2BC4054B}.Release|Any CPU.ActiveCfg = Release|Any CPU
		{74918076-24BB-4382-91D4-174B2BC4054B}.Release|Any CPU.Build.0 = Release|Any CPU
	EndGlobalSection
	GlobalSection(SolutionProperties) = preSolution
		HideSolutionNode = FALSE
	EndGlobalSection
	GlobalSection(ExtensibilityGlobals) = postSolution
		SolutionGuid = {6D6222F6-6A65-443B-A4E4-0DD18052FC7B}
	EndGlobalSection
EndGlobal
